// !$*UTF8*$!
{
	archiveVersion = 1;
	classes = {
	};
	objectVersion = 77;
	objects = {

/* Begin PBXBuildFile section */
		1FAD616DDB464920BCA842C7 /* Dog in Frameworks */ = {isa = PBXBuildFile; productRef = 50D000042F90000100D00004 /* Dog */; };
		505A0E182F8C046900FCC2A7 /* LNPopupController-Static in Frameworks */ = {isa = PBXBuildFile; productRef = 505A0E172F8C046900FCC2A7 /* LNPopupController-Static */; };
		505A0E1C2F8C113E00FCC2A7 /* SnapKit in Frameworks */ = {isa = PBXBuildFile; productRef = 505A0E1B2F8C113E00FCC2A7 /* SnapKit */; };
		505A0E1E2F8C114300FCC2A7 /* Then in Frameworks */ = {isa = PBXBuildFile; productRef = 505A0E1D2F8C114300FCC2A7 /* Then */; };
		508EB6182F8802310092E89D /* LRUCache in Frameworks */ = {isa = PBXBuildFile; productRef = 508EB6172F8802310092E89D /* LRUCache */; };
		50A72F042F8566ED008A8D84 /* ColorfulX in Frameworks */ = {isa = PBXBuildFile; productRef = 50A72F032F8566ED008A8D84 /* ColorfulX */; };
		50A72F072F8566FE008A8D84 /* DominantColors in Frameworks */ = {isa = PBXBuildFile; productRef = 50A72F062F8566FE008A8D84 /* DominantColors */; };
		50AA00112F88000200AA0011 /* SwifterSwift in Frameworks */ = {isa = PBXBuildFile; productRef = 50AA00122F88000200AA0012 /* SwifterSwift */; };
		50B207282F84F3E6007EFD1B /* Digger in Frameworks */ = {isa = PBXBuildFile; productRef = 50E100022FA4000100E10002 /* Digger */; };
		50B209932F853CC0007EFD1B /* SPIndicator in Frameworks */ = {isa = PBXBuildFile; productRef = 50B209922F853CC0007EFD1B /* SPIndicator */; };
		50B893332F84C34D00CB8310 /* SubsonicClientKit in Frameworks */ = {isa = PBXBuildFile; productRef = 50AA00022F7200000000AAAA /* SubsonicClientKit */; };
		50B893342F84C34D00CB8311 /* MuseAmpPlayerKit in Frameworks */ = {isa = PBXBuildFile; productRef = 50AA00042F7200000000AAAC /* MuseAmpPlayerKit */; };
		50BB00112F88000300BB0011 /* SnapKit in Frameworks */ = {isa = PBXBuildFile; productRef = 50BB00122F88000300BB0012 /* SnapKit */; };
		50CC00112F88000400CC0011 /* Then in Frameworks */ = {isa = PBXBuildFile; productRef = 50CC00122F88000400CC0012 /* Then */; };
		50D000012F90000100D00001 /* ConfigurableKit in Frameworks */ = {isa = PBXBuildFile; productRef = 50D000022F90000100D00002 /* ConfigurableKit */; };
		50D000032F90000100D00003 /* Dog in Frameworks */ = {isa = PBXBuildFile; productRef = 50D000042F90000100D00004 /* Dog */; };
		50D000052F90000100D00005 /* WCDBSwift in Frameworks */ = {isa = PBXBuildFile; productRef = 50D000062F90000100D00006 /* WCDBSwift */; };
		50EADB1E2F8CD93500655FBE /* SwifterSwift in Frameworks */ = {isa = PBXBuildFile; productRef = 50EADB1D2F8CD93500655FBE /* SwifterSwift */; };
		50EE00012F87000100EE0001 /* AlertController in Frameworks */ = {isa = PBXBuildFile; productRef = 50EE00022F87000100EE0002 /* AlertController */; };
		50F100012F91000100F10001 /* VariableBlur in Frameworks */ = {isa = PBXBuildFile; productRef = 50F100022F91000100F10002 /* VariableBlur */; };
		50FF00012F88000100FF0001 /* Kingfisher in Frameworks */ = {isa = PBXBuildFile; productRef = 50FF00022F88000100FF0002 /* Kingfisher */; };
		51A000012F92000100A00001 /* ListViewKit in Frameworks */ = {isa = PBXBuildFile; productRef = 51A000022F92000100A00002 /* ListViewKit */; };
		52DB00012FA0000100DB0001 /* MuseAmpDatabaseKit in Frameworks */ = {isa = PBXBuildFile; productRef = 52DB00022FA0000100DB0002 /* MuseAmpDatabaseKit */; };
		53AA00012FA1000100AA0001 /* MuseAmpDatabaseKit in Frameworks */ = {isa = PBXBuildFile; productRef = 53AA00022FA1000100AA0002 /* MuseAmpDatabaseKit */; };
		53AA00032FA1000100AA0003 /* MuseAmpPlayerKit in Frameworks */ = {isa = PBXBuildFile; productRef = 53AA00042FA1000100AA0004 /* MuseAmpPlayerKit */; };
		53AA00052FA1000100AA0005 /* SubsonicClientKit in Frameworks */ = {isa = PBXBuildFile; productRef = 53AA00062FA1000100AA0006 /* SubsonicClientKit */; };
		53AA00072FA1000100AA0007 /* ConfigurableKit in Frameworks */ = {isa = PBXBuildFile; productRef = 53AA00082FA1000100AA0008 /* ConfigurableKit */; };
		A096350725104F5D9B8B3816 /* Kingfisher in Frameworks */ = {isa = PBXBuildFile; productRef = 50FF00022F88000100FF0002 /* Kingfisher */; };
		BD7B7FA8E769417EB0F8F879 /* MuseAmpDatabaseKit in Frameworks */ = {isa = PBXBuildFile; productRef = 52DB00022FA0000100DB0002 /* MuseAmpDatabaseKit */; };
		C5B95532D45B40F8AB4BE5B7 /* SubsonicClientKit in Frameworks */ = {isa = PBXBuildFile; productRef = 50AA00022F7200000000AAAA /* SubsonicClientKit */; };
		D5A838C392C0495AA0AFD051 /* MuseAmpPlayerKit in Frameworks */ = {isa = PBXBuildFile; productRef = 50AA00042F7200000000AAAC /* MuseAmpPlayerKit */; };
		E0CF00012FA5000100CF0001 /* ColorfulX in Frameworks */ = {isa = PBXBuildFile; productRef = 50A72F032F8566ED008A8D84 /* ColorfulX */; };
/* End PBXBuildFile section */

/* Begin PBXContainerItemProxy section */
		50CC000A2F85000100CC000A /* PBXContainerItemProxy */ = {
			isa = PBXContainerItemProxy;
			containerPortal = 50ED36EE2F7126B000E2694B /* Project object */;
			proxyType = 1;
			remoteGlobalIDString = 50ED36F52F7126B000E2694B;
			remoteInfo = MuseAmp;
		};
/* End PBXContainerItemProxy section */

/* Begin PBXFileReference section */
		50CC00022F85000100CC0002 /* MuseAmpTests.xctest */ = {isa = PBXFileReference; explicitFileType = wrapper.cfbundle; includeInIndex = 0; path = MuseAmpTests.xctest; sourceTree = BUILT_PRODUCTS_DIR; };
		50ED36F62F7126B000E2694B /* MuseAmp.app */ = {isa = PBXFileReference; explicitFileType = wrapper.application; includeInIndex = 0; path = MuseAmp.app; sourceTree = BUILT_PRODUCTS_DIR; };
		70027027B6B9456F9A6C3FD1 /* MuseAmpTV.app */ = {isa = PBXFileReference; explicitFileType = wrapper.application; includeInIndex = 0; path = MuseAmpTV.app; sourceTree = BUILT_PRODUCTS_DIR; };
/* End PBXFileReference section */

/* Begin PBXFileSystemSynchronizedBuildFileExceptionSet section */
		50ED37082F7126B000E2694B /* Exceptions for "MuseAmp" folder in "MuseAmp" target */ = {
			isa = PBXFileSystemSynchronizedBuildFileExceptionSet;
			membershipExceptions = (
				Backend/Library/TagLibBridge/taglib/taglib/toolkit/tlist.tcc,
				Backend/Library/TagLibBridge/taglib/taglib/toolkit/tmap.tcc,
				Resources/Info.plist,
			);
			target = 50ED36F52F7126B000E2694B /* MuseAmp */;
		};
		AA1D0CA162FD4758B124180C /* Exceptions for "MuseAmpTV" folder in "MuseAmpTV" target */ = {
			isa = PBXFileSystemSynchronizedBuildFileExceptionSet;
			membershipExceptions = (
				Resources/Info.plist,
			);
			target = AB6509B962A0450D92C2D2A0 /* MuseAmpTV */;
		};
/* End PBXFileSystemSynchronizedBuildFileExceptionSet section */

/* Begin PBXFileSystemSynchronizedRootGroup section */
		50CC00092F85000100CC0009 /* MuseAmpTests */ = {
			isa = PBXFileSystemSynchronizedRootGroup;
			path = MuseAmpTests;
			sourceTree = "<group>";
		};
		50ED36F82F7126B000E2694B /* MuseAmp */ = {
			isa = PBXFileSystemSynchronizedRootGroup;
			exceptions = (
				50ED37082F7126B000E2694B /* Exceptions for "MuseAmp" folder in "MuseAmp" target */,
			);
			path = MuseAmp;
			sourceTree = "<group>";
		};
		C0F1600086F14A72B3210001 /* Configuration */ = {
			isa = PBXFileSystemSynchronizedRootGroup;
			path = Configuration;
			sourceTree = "<group>";
		};
		EDB61606868140F182A4EA93 /* MuseAmpTV */ = {
			isa = PBXFileSystemSynchronizedRootGroup;
			exceptions = (
				AA1D0CA162FD4758B124180C /* Exceptions for "MuseAmpTV" folder in "MuseAmpTV" target */,
			);
			path = MuseAmpTV;
			sourceTree = "<group>";
		};
/* End PBXFileSystemSynchronizedRootGroup section */

/* Begin PBXFrameworksBuildPhase section */
		50CC00042F85000100CC0004 /* Frameworks */ = {
			isa = PBXFrameworksBuildPhase;
			buildActionMask = 2147483647;
			files = (
				53AA00012FA1000100AA0001 /* MuseAmpDatabaseKit in Frameworks */,
				53AA00032FA1000100AA0003 /* MuseAmpPlayerKit in Frameworks */,
				53AA00052FA1000100AA0005 /* SubsonicClientKit in Frameworks */,
				53AA00072FA1000100AA0007 /* ConfigurableKit in Frameworks */,
			);
			runOnlyForDeploymentPostprocessing = 0;
		};
		50ED36F32F7126B000E2694B /* Frameworks */ = {
			isa = PBXFrameworksBuildPhase;
			buildActionMask = 2147483647;
			files = (
				50A72F072F8566FE008A8D84 /* DominantColors in Frameworks */,
				50B207282F84F3E6007EFD1B /* Digger in Frameworks */,
				508EB6182F8802310092E89D /* LRUCache in Frameworks */,
				51A000012F92000100A00001 /* ListViewKit in Frameworks */,
				50B209932F853CC0007EFD1B /* SPIndicator in Frameworks */,
				50B893332F84C34D00CB8310 /* SubsonicClientKit in Frameworks */,
				50B893342F84C34D00CB8311 /* MuseAmpPlayerKit in Frameworks */,
				52DB00012FA0000100DB0001 /* MuseAmpDatabaseKit in Frameworks */,
				50EE00012F87000100EE0001 /* AlertController in Frameworks */,
				50FF00012F88000100FF0001 /* Kingfisher in Frameworks */,
				50AA00112F88000200AA0011 /* SwifterSwift in Frameworks */,
				50A72F042F8566ED008A8D84 /* ColorfulX in Frameworks */,
				50BB00112F88000300BB0011 /* SnapKit in Frameworks */,
				50CC00112F88000400CC0011 /* Then in Frameworks */,
				505A0E182F8C046900FCC2A7 /* LNPopupController-Static in Frameworks */,
				50D000012F90000100D00001 /* ConfigurableKit in Frameworks */,
				50D000032F90000100D00003 /* Dog in Frameworks */,
				50D000052F90000100D00005 /* WCDBSwift in Frameworks */,
				50F100012F91000100F10001 /* VariableBlur in Frameworks */,
			);
			runOnlyForDeploymentPostprocessing = 0;
		};
		8DB2FC975DFD48408FBD6B29 /* Frameworks */ = {
			isa = PBXFrameworksBuildPhase;
			buildActionMask = 2147483647;
			files = (
				505A0E1E2F8C114300FCC2A7 /* Then in Frameworks */,
				505A0E1C2F8C113E00FCC2A7 /* SnapKit in Frameworks */,
				C5B95532D45B40F8AB4BE5B7 /* SubsonicClientKit in Frameworks */,
				50EADB1E2F8CD93500655FBE /* SwifterSwift in Frameworks */,
				D5A838C392C0495AA0AFD051 /* MuseAmpPlayerKit in Frameworks */,
				BD7B7FA8E769417EB0F8F879 /* MuseAmpDatabaseKit in Frameworks */,
				1FAD616DDB464920BCA842C7 /* Dog in Frameworks */,
				A096350725104F5D9B8B3816 /* Kingfisher in Frameworks */,
				E0CF00012FA5000100CF0001 /* ColorfulX in Frameworks */,
			);
			runOnlyForDeploymentPostprocessing = 0;
		};
/* End PBXFrameworksBuildPhase section */

/* Begin PBXGroup section */
		505A0E162F8C046900FCC2A7 /* Frameworks */ = {
			isa = PBXGroup;
			children = (
			);
			name = Frameworks;
			sourceTree = "<group>";
		};
		50ED36ED2F7126B000E2694B = {
			isa = PBXGroup;
			children = (
				C0F1600086F14A72B3210001 /* Configuration */,
				50ED36F82F7126B000E2694B /* MuseAmp */,
				EDB61606868140F182A4EA93 /* MuseAmpTV */,
				50CC00092F85000100CC0009 /* MuseAmpTests */,
				50ED36F72F7126B000E2694B /* Products */,
				505A0E162F8C046900FCC2A7 /* Frameworks */,
			);
			sourceTree = "<group>";
		};
		50ED36F72F7126B000E2694B /* Products */ = {
			isa = PBXGroup;
			children = (
				50ED36F62F7126B000E2694B /* MuseAmp.app */,
				70027027B6B9456F9A6C3FD1 /* MuseAmpTV.app */,
				50CC00022F85000100CC0002 /* MuseAmpTests.xctest */,
			);
			name = Products;
			sourceTree = "<group>";
		};
/* End PBXGroup section */

/* Begin PBXNativeTarget section */
		50CC00012F85000100CC0001 /* MuseAmpTests */ = {
			isa = PBXNativeTarget;
			buildConfigurationList = 50CC00082F85000100CC0008 /* Build configuration list for PBXNativeTarget "MuseAmpTests" */;
			buildPhases = (
				50CC00032F85000100CC0003 /* Sources */,
				50CC00042F85000100CC0004 /* Frameworks */,
				50CC00052F85000100CC0005 /* Resources */,
			);
			buildRules = (
			);
			dependencies = (
				50CC000B2F85000100CC000B /* PBXTargetDependency */,
			);
			fileSystemSynchronizedGroups = (
				50CC00092F85000100CC0009 /* MuseAmpTests */,
			);
			name = MuseAmpTests;
			packageProductDependencies = (
				53AA00022FA1000100AA0002 /* MuseAmpDatabaseKit */,
				53AA00042FA1000100AA0004 /* MuseAmpPlayerKit */,
				53AA00062FA1000100AA0006 /* SubsonicClientKit */,
				53AA00082FA1000100AA0008 /* ConfigurableKit */,
			);
			productName = MuseAmpTests;
			productReference = 50CC00022F85000100CC0002 /* MuseAmpTests.xctest */;
			productType = "com.apple.product-type.bundle.unit-test";
		};
		50ED36F52F7126B000E2694B /* MuseAmp */ = {
			isa = PBXNativeTarget;
			buildConfigurationList = 50ED37092F7126B000E2694B /* Build configuration list for PBXNativeTarget "MuseAmp" */;
			buildPhases = (
				50ED36F22F7126B000E2694B /* Sources */,
				50ED36F32F7126B000E2694B /* Frameworks */,
				50ED36F42F7126B000E2694B /* Resources */,
			);
			buildRules = (
			);
			dependencies = (
			);
			fileSystemSynchronizedGroups = (
				50ED36F82F7126B000E2694B /* MuseAmp */,
			);
			name = MuseAmp;
			packageProductDependencies = (
				50AA00022F7200000000AAAA /* SubsonicClientKit */,
				50AA00042F7200000000AAAC /* MuseAmpPlayerKit */,
				52DB00022FA0000100DB0002 /* MuseAmpDatabaseKit */,
				50EE00022F87000100EE0002 /* AlertController */,
				50FF00022F88000100FF0002 /* Kingfisher */,
				50AA00122F88000200AA0012 /* SwifterSwift */,
				50BB00122F88000300BB0012 /* SnapKit */,
				50CC00122F88000400CC0012 /* Then */,
				50D000022F90000100D00002 /* ConfigurableKit */,
				50D000042F90000100D00004 /* Dog */,
				50D000062F90000100D00006 /* WCDBSwift */,
				50E100022FA4000100E10002 /* Digger */,
				50B209922F853CC0007EFD1B /* SPIndicator */,
				50A72F032F8566ED008A8D84 /* ColorfulX */,
				50A72F062F8566FE008A8D84 /* DominantColors */,
				508EB6172F8802310092E89D /* LRUCache */,
				51A000022F92000100A00002 /* ListViewKit */,
				50F100022F91000100F10002 /* VariableBlur */,
				505A0E172F8C046900FCC2A7 /* LNPopupController-Static */,
			);
			productName = MuseAmp;
			productReference = 50ED36F62F7126B000E2694B /* MuseAmp.app */;
			productType = "com.apple.product-type.application";
		};
		AB6509B962A0450D92C2D2A0 /* MuseAmpTV */ = {
			isa = PBXNativeTarget;
			buildConfigurationList = 70C6D1E1B1AC4CE496797F12 /* Build configuration list for PBXNativeTarget "MuseAmpTV" */;
			buildPhases = (
				8E2143F49187438AA8C5D5BC /* Sources */,
				8DB2FC975DFD48408FBD6B29 /* Frameworks */,
				B201134E132640C881B4E898 /* Resources */,
			);
			buildRules = (
			);
			dependencies = (
			);
			fileSystemSynchronizedGroups = (
				EDB61606868140F182A4EA93 /* MuseAmpTV */,
			);
			name = MuseAmpTV;
			packageProductDependencies = (
				50AA00022F7200000000AAAA /* SubsonicClientKit */,
				50AA00042F7200000000AAAC /* MuseAmpPlayerKit */,
				52DB00022FA0000100DB0002 /* MuseAmpDatabaseKit */,
				50D000042F90000100D00004 /* Dog */,
				50FF00022F88000100FF0002 /* Kingfisher */,
				50A72F032F8566ED008A8D84 /* ColorfulX */,
				505A0E1B2F8C113E00FCC2A7 /* SnapKit */,
				505A0E1D2F8C114300FCC2A7 /* Then */,
				50EADB1D2F8CD93500655FBE /* SwifterSwift */,
			);
			productName = MuseAmpTV;
			productReference = 70027027B6B9456F9A6C3FD1 /* MuseAmpTV.app */;
			productType = "com.apple.product-type.application";
		};
/* End PBXNativeTarget section */

/* Begin PBXProject section */
		50ED36EE2F7126B000E2694B /* Project object */ = {
			isa = PBXProject;
			attributes = {
				BuildIndependentTargetsInParallel = 1;
				LastSwiftUpdateCheck = 2630;
				LastUpgradeCheck = 2640;
				TargetAttributes = {
					50CC00012F85000100CC0001 = {
						CreatedOnToolsVersion = 26.3;
						TestTargetID = 50ED36F52F7126B000E2694B;
					};
					50ED36F52F7126B000E2694B = {
						CreatedOnToolsVersion = 26.3;
					};
					AB6509B962A0450D92C2D2A0 = {
						CreatedOnToolsVersion = 26.3;
					};
				};
			};
			buildConfigurationList = 50ED36F12F7126B000E2694B /* Build configuration list for PBXProject "MuseAmp" */;
			developmentRegion = en;
			hasScannedForEncodings = 0;
			knownRegions = (
				en,
				Base,
				"zh-Hans",
			);
			mainGroup = 50ED36ED2F7126B000E2694B;
			minimizedProjectReferenceProxies = 1;
			packageReferences = (
				50AA00012F7200000000AAAA /* XCLocalSwiftPackageReference "SubsonicClientKit" */,
				50AA00032F7200000000AAAB /* XCLocalSwiftPackageReference "MuseAmpPlayerKit" */,
				52DB00032FA0000100DB0003 /* XCLocalSwiftPackageReference "MuseAmpDatabaseKit" */,
				50EE00032F87000100EE0003 /* XCRemoteSwiftPackageReference "AlertController" */,
				50FF00032F88000100FF0003 /* XCRemoteSwiftPackageReference "Kingfisher" */,
				50AA00132F88000200AA0013 /* XCRemoteSwiftPackageReference "SwifterSwift" */,
				50BB00132F88000300BB0013 /* XCRemoteSwiftPackageReference "SnapKit" */,
				50CC00132F88000400CC0013 /* XCRemoteSwiftPackageReference "Then" */,
				50D000072F90000100D00007 /* XCRemoteSwiftPackageReference "ConfigurableKit" */,
				50D000082F90000100D00008 /* XCRemoteSwiftPackageReference "Dog" */,
				50D000092F90000100D00009 /* XCRemoteSwiftPackageReference "wcdb-spm-prebuilt" */,
				50E100032FA4000100E10003 /* XCRemoteSwiftPackageReference "Digger" */,
				50B209912F853CC0007EFD1B /* XCRemoteSwiftPackageReference "SPIndicator" */,
				50A72F022F8566ED008A8D84 /* XCRemoteSwiftPackageReference "ColorfulX" */,
				50A72F052F8566FE008A8D84 /* XCRemoteSwiftPackageReference "DominantColors" */,
				508EB6162F8802310092E89D /* XCRemoteSwiftPackageReference "LRUCache" */,
				51A000032F92000100A00003 /* XCRemoteSwiftPackageReference "ListViewKit" */,
				50F100032F91000100F10003 /* XCRemoteSwiftPackageReference "VariableBlur" */,
			);
			preferredProjectObjectVersion = 77;
			productRefGroup = 50ED36F72F7126B000E2694B /* Products */;
			projectDirPath = "";
			projectRoot = "";
			targets = (
				50ED36F52F7126B000E2694B /* MuseAmp */,
				AB6509B962A0450D92C2D2A0 /* MuseAmpTV */,
				50CC00012F85000100CC0001 /* MuseAmpTests */,
			);
		};
/* End PBXProject section */

/* Begin PBXResourcesBuildPhase section */
		50CC00052F85000100CC0005 /* Resources */ = {
			isa = PBXResourcesBuildPhase;
			buildActionMask = 2147483647;
			files = (
			);
			runOnlyForDeploymentPostprocessing = 0;
		};
		50ED36F42F7126B000E2694B /* Resources */ = {
			isa = PBXResourcesBuildPhase;
			buildActionMask = 2147483647;
			files = (
			);
			runOnlyForDeploymentPostprocessing = 0;
		};
		B201134E132640C881B4E898 /* Resources */ = {
			isa = PBXResourcesBuildPhase;
			buildActionMask = 2147483647;
			files = (
			);
			runOnlyForDeploymentPostprocessing = 0;
		};
/* End PBXResourcesBuildPhase section */

/* Begin PBXSourcesBuildPhase section */
		50CC00032F85000100CC0003 /* Sources */ = {
			isa = PBXSourcesBuildPhase;
			buildActionMask = 2147483647;
			files = (
			);
			runOnlyForDeploymentPostprocessing = 0;
		};
		50ED36F22F7126B000E2694B /* Sources */ = {
			isa = PBXSourcesBuildPhase;
			buildActionMask = 2147483647;
			files = (
			);
			runOnlyForDeploymentPostprocessing = 0;
		};
		8E2143F49187438AA8C5D5BC /* Sources */ = {
			isa = PBXSourcesBuildPhase;
			buildActionMask = 2147483647;
			files = (
			);
			runOnlyForDeploymentPostprocessing = 0;
		};
/* End PBXSourcesBuildPhase section */

/* Begin PBXTargetDependency section */
		50CC000B2F85000100CC000B /* PBXTargetDependency */ = {
			isa = PBXTargetDependency;
			target = 50ED36F52F7126B000E2694B /* MuseAmp */;
			targetProxy = 50CC000A2F85000100CC000A /* PBXContainerItemProxy */;
		};
/* End PBXTargetDependency section */

/* Begin XCBuildConfiguration section */
		404F65DB8E8B4CF39A19DE01 /* Release */ = {
			isa = XCBuildConfiguration;
			baseConfigurationReferenceAnchor = C0F1600086F14A72B3210001 /* Configuration */;
			baseConfigurationReferenceRelativePath = Release.xcconfig;
			buildSettings = {
				ASSETCATALOG_COMPILER_APPICON_NAME = "Brand Assets";
				ASSETCATALOG_COMPILER_INCLUDE_ALL_APPICON_ASSETS = YES;
				CODE_SIGN_STYLE = Automatic;
				GENERATE_INFOPLIST_FILE = YES;
				INFOPLIST_FILE = MuseAmpTV/Resources/Info.plist;
				INFOPLIST_KEY_CFBundleDisplayName = "Muse Amp";
				INFOPLIST_KEY_ITSAppUsesNonExemptEncryption = NO;
				INFOPLIST_KEY_LSApplicationCategoryType = "public.app-category.music";
				INFOPLIST_KEY_NSLocalNetworkUsageDescription = "Your local network is used to discover nearby devices and transfer a playlist session into Apple TV.";
				LD_RUNPATH_SEARCH_PATHS = (
					"$(inherited)",
					"@executable_path/Frameworks",
				);
				PRODUCT_BUNDLE_IDENTIFIER = "$(inherited)";
				PRODUCT_NAME = "$(TARGET_NAME)";
				SUPPORTED_PLATFORMS = "appletvos appletvsimulator";
				SUPPORTS_MACCATALYST = NO;
				SWIFT_APPROACHABLE_CONCURRENCY = YES;
				SWIFT_DEFAULT_ACTOR_ISOLATION = MainActor;
				SWIFT_EMIT_LOC_STRINGS = YES;
				SWIFT_OPTIMIZATION_LEVEL = "-Onone";
				SWIFT_UPCOMING_FEATURE_MEMBER_IMPORT_VISIBILITY = YES;
				SWIFT_VERSION = 6.0;
				TARGETED_DEVICE_FAMILY = 3;
				TVOS_DEPLOYMENT_TARGET = 17.0;
			};
			name = Release;
		};
		50CC00062F85000100CC0006 /* Debug */ = {
			isa = XCBuildConfiguration;
			baseConfigurationReferenceAnchor = C0F1600086F14A72B3210001 /* Configuration */;
			baseConfigurationReferenceRelativePath = Development.xcconfig;
			buildSettings = {
				BUNDLE_LOADER = "$(TEST_HOST)";
				"CODE_SIGN_IDENTITY[sdk=macosx*]" = "Apple Development";
				GENERATE_INFOPLIST_FILE = YES;
				IPHONEOS_DEPLOYMENT_TARGET = 16.0;
				PRODUCT_BUNDLE_IDENTIFIER = wiki.qaq.MuseAmp.tests;
				PRODUCT_NAME = "$(TARGET_NAME)";
				SUPPORTED_PLATFORMS = "iphoneos iphonesimulator";
				SUPPORTS_MACCATALYST = YES;
				SWIFT_APPROACHABLE_CONCURRENCY = YES;
				SWIFT_DEFAULT_ACTOR_ISOLATION = MainActor;
				SWIFT_EMIT_LOC_STRINGS = NO;
				SWIFT_UPCOMING_FEATURE_MEMBER_IMPORT_VISIBILITY = YES;
				SWIFT_VERSION = 5.0;
				TARGETED_DEVICE_FAMILY = "1,2";
				TEST_HOST = "$(BUILT_PRODUCTS_DIR)/MuseAmp.app/$(BUNDLE_EXECUTABLE_FOLDER_PATH)/MuseAmp";
			};
			name = Debug;
		};
		50CC00072F85000100CC0007 /* Release */ = {
			isa = XCBuildConfiguration;
			baseConfigurationReferenceAnchor = C0F1600086F14A72B3210001 /* Configuration */;
			baseConfigurationReferenceRelativePath = Release.xcconfig;
			buildSettings = {
				BUNDLE_LOADER = "$(TEST_HOST)";
				"CODE_SIGN_IDENTITY[sdk=macosx*]" = "Apple Development";
				GENERATE_INFOPLIST_FILE = YES;
				IPHONEOS_DEPLOYMENT_TARGET = 16.0;
				PRODUCT_BUNDLE_IDENTIFIER = wiki.qaq.MuseAmp.tests;
				PRODUCT_NAME = "$(TARGET_NAME)";
				SUPPORTED_PLATFORMS = "iphoneos iphonesimulator";
				SUPPORTS_MACCATALYST = YES;
				SWIFT_APPROACHABLE_CONCURRENCY = YES;
				SWIFT_DEFAULT_ACTOR_ISOLATION = MainActor;
				SWIFT_EMIT_LOC_STRINGS = NO;
				SWIFT_UPCOMING_FEATURE_MEMBER_IMPORT_VISIBILITY = YES;
				SWIFT_VERSION = 5.0;
				TARGETED_DEVICE_FAMILY = "1,2";
				TEST_HOST = "$(BUILT_PRODUCTS_DIR)/MuseAmp.app/$(BUNDLE_EXECUTABLE_FOLDER_PATH)/MuseAmp";
			};
			name = Release;
		};
		50ED370A2F7126B000E2694B /* Debug */ = {
			isa = XCBuildConfiguration;
			baseConfigurationReferenceAnchor = C0F1600086F14A72B3210001 /* Configuration */;
			baseConfigurationReferenceRelativePath = Development.xcconfig;
			buildSettings = {
				ASSETCATALOG_COMPILER_APPICON_NAME = AppIcon;
				ASSETCATALOG_COMPILER_INCLUDE_ALL_APPICON_ASSETS = YES;
				CODE_SIGN_STYLE = "$(inherited)";
				DEVELOPMENT_TEAM = "$(inherited)";
				ENABLE_APP_SANDBOX = YES;
				ENABLE_INCOMING_NETWORK_CONNECTIONS = YES;
				ENABLE_OUTGOING_NETWORK_CONNECTIONS = YES;
				ENABLE_RESOURCE_ACCESS_AUDIO_INPUT = NO;
				ENABLE_RESOURCE_ACCESS_BLUETOOTH = NO;
				ENABLE_RESOURCE_ACCESS_CALENDARS = NO;
				ENABLE_RESOURCE_ACCESS_CAMERA = NO;
				ENABLE_RESOURCE_ACCESS_CONTACTS = NO;
				ENABLE_RESOURCE_ACCESS_LOCATION = NO;
				ENABLE_RESOURCE_ACCESS_PRINTING = NO;
				ENABLE_RESOURCE_ACCESS_USB = NO;
				ENABLE_USER_SELECTED_FILES = readwrite;
				GENERATE_INFOPLIST_FILE = YES;
				INFOPLIST_FILE = MuseAmp/Resources/Info.plist;
				INFOPLIST_KEY_CFBundleDisplayName = "Muse Amp";
				INFOPLIST_KEY_ITSAppUsesNonExemptEncryption = NO;
				INFOPLIST_KEY_LSApplicationCategoryType = "public.app-category.music";
				INFOPLIST_KEY_LSSupportsOpeningDocumentsInPlace = YES;
				INFOPLIST_KEY_NSCameraUsageDescription = "Your camera is used to scan a QR code displayed on another device during local-network song transfers. The camera feed is processed on-device in real time and is never recorded, stored, or shared.";
				INFOPLIST_KEY_NSLocalNetworkUsageDescription = "Your local network is used to discover nearby devices and transfer songs between them. All data stays on your local network and is never sent to external servers.";
				INFOPLIST_KEY_UIApplicationSupportsIndirectInputEvents = YES;
				INFOPLIST_KEY_UISupportedInterfaceOrientations = UIInterfaceOrientationPortrait;
				INFOPLIST_KEY_UISupportedInterfaceOrientations_iPad = "UIInterfaceOrientationLandscapeLeft UIInterfaceOrientationLandscapeRight UIInterfaceOrientationPortrait UIInterfaceOrientationPortraitUpsideDown";
				IPHONEOS_DEPLOYMENT_TARGET = 16.0;
				LD_RUNPATH_SEARCH_PATHS = (
					"$(inherited)",
					"@executable_path/Frameworks",
				);
				PRODUCT_BUNDLE_IDENTIFIER = "$(inherited)";
				PRODUCT_NAME = "$(TARGET_NAME)";
				PROVISIONING_PROFILE_SPECIFIER = "$(inherited)";
				STRING_CATALOG_GENERATE_SYMBOLS = YES;
				SUPPORTED_PLATFORMS = "iphoneos iphonesimulator";
				SUPPORTS_MACCATALYST = YES;
				SWIFT_APPROACHABLE_CONCURRENCY = YES;
				SWIFT_DEFAULT_ACTOR_ISOLATION = MainActor;
				SWIFT_EMIT_LOC_STRINGS = YES;
				SWIFT_OBJC_BRIDGING_HEADER = "MuseAmp/MuseAmp-Bridging-Header.h";
				SWIFT_OPTIMIZATION_LEVEL = "-Onone";
				SWIFT_UPCOMING_FEATURE_MEMBER_IMPORT_VISIBILITY = YES;
				SWIFT_VERSION = 6.0;
				TARGETED_DEVICE_FAMILY = "1,2";
			};
			name = Debug;
		};
		50ED370B2F7126B000E2694B /* Release */ = {
			isa = XCBuildConfiguration;
			baseConfigurationReferenceAnchor = C0F1600086F14A72B3210001 /* Configuration */;
			baseConfigurationReferenceRelativePath = Release.xcconfig;
			buildSettings = {
				ASSETCATALOG_COMPILER_APPICON_NAME = AppIcon;
				ASSETCATALOG_COMPILER_INCLUDE_ALL_APPICON_ASSETS = YES;
				ENABLE_APP_SANDBOX = YES;
				ENABLE_INCOMING_NETWORK_CONNECTIONS = YES;
				ENABLE_OUTGOING_NETWORK_CONNECTIONS = YES;
				ENABLE_RESOURCE_ACCESS_AUDIO_INPUT = NO;
				ENABLE_RESOURCE_ACCESS_BLUETOOTH = NO;
				ENABLE_RESOURCE_ACCESS_CALENDARS = NO;
				ENABLE_RESOURCE_ACCESS_CAMERA = NO;
				ENABLE_RESOURCE_ACCESS_CONTACTS = NO;
				ENABLE_RESOURCE_ACCESS_LOCATION = NO;
				ENABLE_RESOURCE_ACCESS_PRINTING = NO;
				ENABLE_RESOURCE_ACCESS_USB = NO;
				ENABLE_USER_SELECTED_FILES = readwrite;
				GENERATE_INFOPLIST_FILE = YES;
				INFOPLIST_FILE = MuseAmp/Resources/Info.plist;
				INFOPLIST_KEY_CFBundleDisplayName = "Muse Amp";
				INFOPLIST_KEY_ITSAppUsesNonExemptEncryption = NO;
				INFOPLIST_KEY_LSApplicationCategoryType = "public.app-category.music";
				INFOPLIST_KEY_LSSupportsOpeningDocumentsInPlace = YES;
				INFOPLIST_KEY_NSCameraUsageDescription = "Your camera is used to scan a QR code displayed on another device during local-network song transfers. The camera feed is processed on-device in real time and is never recorded, stored, or shared.";
				INFOPLIST_KEY_NSLocalNetworkUsageDescription = "Your local network is used to discover nearby devices and transfer songs between them. All data stays on your local network and is never sent to external servers.";
				INFOPLIST_KEY_UIApplicationSupportsIndirectInputEvents = YES;
				INFOPLIST_KEY_UISupportedInterfaceOrientations = UIInterfaceOrientationPortrait;
				INFOPLIST_KEY_UISupportedInterfaceOrientations_iPad = "UIInterfaceOrientationLandscapeLeft UIInterfaceOrientationLandscapeRight UIInterfaceOrientationPortrait UIInterfaceOrientationPortraitUpsideDown";
				IPHONEOS_DEPLOYMENT_TARGET = 16.0;
				LD_RUNPATH_SEARCH_PATHS = (
					"$(inherited)",
					"@executable_path/Frameworks",
				);
				PRODUCT_BUNDLE_IDENTIFIER = "$(inherited)";
				PRODUCT_NAME = "$(TARGET_NAME)";
				STRING_CATALOG_GENERATE_SYMBOLS = YES;
				SUPPORTED_PLATFORMS = "iphoneos iphonesimulator";
				SUPPORTS_MACCATALYST = YES;
				SWIFT_APPROACHABLE_CONCURRENCY = YES;
				SWIFT_DEFAULT_ACTOR_ISOLATION = MainActor;
				SWIFT_EMIT_LOC_STRINGS = YES;
				SWIFT_OBJC_BRIDGING_HEADER = "MuseAmp/MuseAmp-Bridging-Header.h";
				SWIFT_OPTIMIZATION_LEVEL = "-Onone";
				SWIFT_UPCOMING_FEATURE_MEMBER_IMPORT_VISIBILITY = YES;
				SWIFT_VERSION = 6.0;
				TARGETED_DEVICE_FAMILY = "1,2";
			};
			name = Release;
		};
		50ED370C2F7126B000E2694B /* Debug */ = {
			isa = XCBuildConfiguration;
			baseConfigurationReferenceAnchor = C0F1600086F14A72B3210001 /* Configuration */;
			baseConfigurationReferenceRelativePath = Development.xcconfig;
			buildSettings = {
				ALWAYS_SEARCH_USER_PATHS = NO;
				ASSETCATALOG_COMPILER_GENERATE_SWIFT_ASSET_SYMBOL_EXTENSIONS = YES;
				CLANG_ANALYZER_LOCALIZABILITY_NONLOCALIZED = YES;
				CLANG_ANALYZER_NONNULL = YES;
				CLANG_ANALYZER_NUMBER_OBJECT_CONVERSION = YES_AGGRESSIVE;
				CLANG_CXX_LANGUAGE_STANDARD = "gnu++20";
				CLANG_ENABLE_MODULES = YES;
				CLANG_ENABLE_OBJC_ARC = YES;
				CLANG_ENABLE_OBJC_WEAK = YES;
				CLANG_WARN_BLOCK_CAPTURE_AUTORELEASING = YES;
				CLANG_WARN_BOOL_CONVERSION = YES;
				CLANG_WARN_COMMA = YES;
				CLANG_WARN_CONSTANT_CONVERSION = YES;
				CLANG_WARN_DEPRECATED_OBJC_IMPLEMENTATIONS = YES;
				CLANG_WARN_DIRECT_OBJC_ISA_USAGE = YES_ERROR;
				CLANG_WARN_DOCUMENTATION_COMMENTS = YES;
				CLANG_WARN_EMPTY_BODY = YES;
				CLANG_WARN_ENUM_CONVERSION = YES;
				CLANG_WARN_INFINITE_RECURSION = YES;
				CLANG_WARN_INT_CONVERSION = YES;
				CLANG_WARN_NON_LITERAL_NULL_CONVERSION = YES;
				CLANG_WARN_OBJC_IMPLICIT_RETAIN_SELF = YES;
				CLANG_WARN_OBJC_LITERAL_CONVERSION = YES;
				CLANG_WARN_OBJC_ROOT_CLASS = YES_ERROR;
				CLANG_WARN_QUOTED_INCLUDE_IN_FRAMEWORK_HEADER = YES;
				CLANG_WARN_RANGE_LOOP_ANALYSIS = YES;
				CLANG_WARN_STRICT_PROTOTYPES = YES;
				CLANG_WARN_SUSPICIOUS_MOVE = YES;
				CLANG_WARN_UNGUARDED_AVAILABILITY = YES_AGGRESSIVE;
				CLANG_WARN_UNREACHABLE_CODE = YES;
				CLANG_WARN__DUPLICATE_METHOD_MATCH = YES;
				COPY_PHASE_STRIP = NO;
				DEBUG_INFORMATION_FORMAT = dwarf;
				DEVELOPMENT_TEAM = 964G86XT2P;
				ENABLE_STRICT_OBJC_MSGSEND = YES;
				ENABLE_TESTABILITY = YES;
				ENABLE_USER_SCRIPT_SANDBOXING = YES;
				GCC_C_LANGUAGE_STANDARD = gnu17;
				GCC_DYNAMIC_NO_PIC = NO;
				GCC_NO_COMMON_BLOCKS = YES;
				GCC_OPTIMIZATION_LEVEL = 0;
				GCC_PREPROCESSOR_DEFINITIONS = (
					"DEBUG=1",
					"$(inherited)",
				);
				GCC_WARN_64_TO_32_BIT_CONVERSION = YES;
				GCC_WARN_ABOUT_RETURN_TYPE = YES_ERROR;
				GCC_WARN_UNDECLARED_SELECTOR = YES;
				GCC_WARN_UNINITIALIZED_AUTOS = YES_AGGRESSIVE;
				GCC_WARN_UNUSED_FUNCTION = YES;
				GCC_WARN_UNUSED_VARIABLE = YES;
				IPHONEOS_DEPLOYMENT_TARGET = 16.0;
				LOCALIZATION_PREFERS_STRING_CATALOGS = YES;
				MTL_ENABLE_DEBUG_INFO = INCLUDE_SOURCE;
				MTL_FAST_MATH = YES;
				ONLY_ACTIVE_ARCH = YES;
				SDKROOT = iphoneos;
				STRING_CATALOG_GENERATE_SYMBOLS = YES;
				SWIFT_ACTIVE_COMPILATION_CONDITIONS = "DEBUG $(inherited)";
				SWIFT_EMIT_LOC_STRINGS = YES;
				SWIFT_OPTIMIZATION_LEVEL = "-Onone";
			};
			name = Debug;
		};
		50ED370D2F7126B000E2694B /* Release */ = {
			isa = XCBuildConfiguration;
			baseConfigurationReferenceAnchor = C0F1600086F14A72B3210001 /* Configuration */;
			baseConfigurationReferenceRelativePath = Release.xcconfig;
			buildSettings = {
				ALWAYS_SEARCH_USER_PATHS = NO;
				ASSETCATALOG_COMPILER_GENERATE_SWIFT_ASSET_SYMBOL_EXTENSIONS = YES;
				CLANG_ANALYZER_LOCALIZABILITY_NONLOCALIZED = YES;
				CLANG_ANALYZER_NONNULL = YES;
				CLANG_ANALYZER_NUMBER_OBJECT_CONVERSION = YES_AGGRESSIVE;
				CLANG_CXX_LANGUAGE_STANDARD = "gnu++20";
				CLANG_ENABLE_MODULES = YES;
				CLANG_ENABLE_OBJC_ARC = YES;
				CLANG_ENABLE_OBJC_WEAK = YES;
				CLANG_WARN_BLOCK_CAPTURE_AUTORELEASING = YES;
				CLANG_WARN_BOOL_CONVERSION = YES;
				CLANG_WARN_COMMA = YES;
				CLANG_WARN_CONSTANT_CONVERSION = YES;
				CLANG_WARN_DEPRECATED_OBJC_IMPLEMENTATIONS = YES;
				CLANG_WARN_DIRECT_OBJC_ISA_USAGE = YES_ERROR;
				CLANG_WARN_DOCUMENTATION_COMMENTS = YES;
				CLANG_WARN_EMPTY_BODY = YES;
				CLANG_WARN_ENUM_CONVERSION = YES;
				CLANG_WARN_INFINITE_RECURSION = YES;
				CLANG_WARN_INT_CONVERSION = YES;
				CLANG_WARN_NON_LITERAL_NULL_CONVERSION = YES;
				CLANG_WARN_OBJC_IMPLICIT_RETAIN_SELF = YES;
				CLANG_WARN_OBJC_LITERAL_CONVERSION = YES;
				CLANG_WARN_OBJC_ROOT_CLASS = YES_ERROR;
				CLANG_WARN_QUOTED_INCLUDE_IN_FRAMEWORK_HEADER = YES;
				CLANG_WARN_RANGE_LOOP_ANALYSIS = YES;
				CLANG_WARN_STRICT_PROTOTYPES = YES;
				CLANG_WARN_SUSPICIOUS_MOVE = YES;
				CLANG_WARN_UNGUARDED_AVAILABILITY = YES_AGGRESSIVE;
				CLANG_WARN_UNREACHABLE_CODE = YES;
				CLANG_WARN__DUPLICATE_METHOD_MATCH = YES;
				COPY_PHASE_STRIP = NO;
				DEBUG_INFORMATION_FORMAT = "dwarf-with-dsym";
				DEVELOPMENT_TEAM = 964G86XT2P;
				ENABLE_NS_ASSERTIONS = NO;
				ENABLE_STRICT_OBJC_MSGSEND = YES;
				ENABLE_USER_SCRIPT_SANDBOXING = YES;
				GCC_C_LANGUAGE_STANDARD = gnu17;
				GCC_NO_COMMON_BLOCKS = YES;
				GCC_WARN_64_TO_32_BIT_CONVERSION = YES;
				GCC_WARN_ABOUT_RETURN_TYPE = YES_ERROR;
				GCC_WARN_UNDECLARED_SELECTOR = YES;
				GCC_WARN_UNINITIALIZED_AUTOS = YES_AGGRESSIVE;
				GCC_WARN_UNUSED_FUNCTION = YES;
				GCC_WARN_UNUSED_VARIABLE = YES;
				IPHONEOS_DEPLOYMENT_TARGET = 16.0;
				LOCALIZATION_PREFERS_STRING_CATALOGS = YES;
				MTL_ENABLE_DEBUG_INFO = NO;
				MTL_FAST_MATH = YES;
				SDKROOT = iphoneos;
				STRING_CATALOG_GENERATE_SYMBOLS = YES;
				SWIFT_COMPILATION_MODE = wholemodule;
				SWIFT_EMIT_LOC_STRINGS = YES;
				VALIDATE_PRODUCT = YES;
			};
			name = Release;
		};
		9211E0E3B4F545789F45FFCF /* Debug */ = {
			isa = XCBuildConfiguration;
			baseConfigurationReferenceAnchor = C0F1600086F14A72B3210001 /* Configuration */;
			baseConfigurationReferenceRelativePath = Development.xcconfig;
			buildSettings = {
				ASSETCATALOG_COMPILER_APPICON_NAME = "Brand Assets";
				ASSETCATALOG_COMPILER_INCLUDE_ALL_APPICON_ASSETS = YES;
				CODE_SIGN_STYLE = Automatic;
				GENERATE_INFOPLIST_FILE = YES;
				INFOPLIST_FILE = MuseAmpTV/Resources/Info.plist;
				INFOPLIST_KEY_CFBundleDisplayName = "Muse Amp";
				INFOPLIST_KEY_ITSAppUsesNonExemptEncryption = NO;
				INFOPLIST_KEY_LSApplicationCategoryType = "public.app-category.music";
				INFOPLIST_KEY_NSLocalNetworkUsageDescription = "Your local network is used to discover nearby devices and transfer a playlist session into Apple TV.";
				LD_RUNPATH_SEARCH_PATHS = (
					"$(inherited)",
					"@executable_path/Frameworks",
				);
				PRODUCT_BUNDLE_IDENTIFIER = "$(inherited)";
				PRODUCT_NAME = "$(TARGET_NAME)";
				SUPPORTED_PLATFORMS = "appletvos appletvsimulator";
				SUPPORTS_MACCATALYST = NO;
				SWIFT_APPROACHABLE_CONCURRENCY = YES;
				SWIFT_DEFAULT_ACTOR_ISOLATION = MainActor;
				SWIFT_EMIT_LOC_STRINGS = YES;
				SWIFT_OPTIMIZATION_LEVEL = "-Onone";
				SWIFT_UPCOMING_FEATURE_MEMBER_IMPORT_VISIBILITY = YES;
				SWIFT_VERSION = 6.0;
				TARGETED_DEVICE_FAMILY = 3;
				TVOS_DEPLOYMENT_TARGET = 17.0;
			};
			name = Debug;
		};
/* End XCBuildConfiguration section */

/* Begin XCConfigurationList section */
		50CC00082F85000100CC0008 /* Build configuration list for PBXNativeTarget "MuseAmpTests" */ = {
			isa = XCConfigurationList;
			buildConfigurations = (
				50CC00062F85000100CC0006 /* Debug */,
				50CC00072F85000100CC0007 /* Release */,
			);
			defaultConfigurationIsVisible = 0;
			defaultConfigurationName = Release;
		};
		50ED36F12F7126B000E2694B /* Build configuration list for PBXProject "MuseAmp" */ = {
			isa = XCConfigurationList;
			buildConfigurations = (
				50ED370C2F7126B000E2694B /* Debug */,
				50ED370D2F7126B000E2694B /* Release */,
			);
			defaultConfigurationIsVisible = 0;
			defaultConfigurationName = Release;
		};
		50ED37092F7126B000E2694B /* Build configuration list for PBXNativeTarget "MuseAmp" */ = {
			isa = XCConfigurationList;
			buildConfigurations = (
				50ED370A2F7126B000E2694B /* Debug */,
				50ED370B2F7126B000E2694B /* Release */,
			);
			defaultConfigurationIsVisible = 0;
			defaultConfigurationName = Release;
		};
		70C6D1E1B1AC4CE496797F12 /* Build configuration list for PBXNativeTarget "MuseAmpTV" */ = {
			isa = XCConfigurationList;
			buildConfigurations = (
				9211E0E3B4F545789F45FFCF /* Debug */,
				404F65DB8E8B4CF39A19DE01 /* Release */,
			);
			defaultConfigurationIsVisible = 0;
			defaultConfigurationName = Release;
		};
/* End XCConfigurationList section */

/* Begin XCLocalSwiftPackageReference section */
		50AA00012F7200000000AAAA /* XCLocalSwiftPackageReference "SubsonicClientKit" */ = {
			isa = XCLocalSwiftPackageReference;
			relativePath = SubsonicClientKit;
		};
		50AA00032F7200000000AAAB /* XCLocalSwiftPackageReference "MuseAmpPlayerKit" */ = {
			isa = XCLocalSwiftPackageReference;
			relativePath = MuseAmpPlayerKit;
		};
		52DB00032FA0000100DB0003 /* XCLocalSwiftPackageReference "MuseAmpDatabaseKit" */ = {
			isa = XCLocalSwiftPackageReference;
			relativePath = MuseAmpDatabaseKit;
		};
/* End XCLocalSwiftPackageReference section */

/* Begin XCRemoteSwiftPackageReference section */
		508EB6162F8802310092E89D /* XCRemoteSwiftPackageReference "LRUCache" */ = {
			isa = XCRemoteSwiftPackageReference;
			repositoryURL = "https://github.com/nicklockwood/LRUCache";
			requirement = {
				kind = upToNextMajorVersion;
				minimumVersion = 1.2.1;
			};
		};
		50A72F022F8566ED008A8D84 /* XCRemoteSwiftPackageReference "ColorfulX" */ = {
			isa = XCRemoteSwiftPackageReference;
			repositoryURL = "https://github.com/Lakr233/ColorfulX";
			requirement = {
				kind = upToNextMajorVersion;
				minimumVersion = 6.1.0;
			};
		};
		50A72F052F8566FE008A8D84 /* XCRemoteSwiftPackageReference "DominantColors" */ = {
			isa = XCRemoteSwiftPackageReference;
			repositoryURL = "https://github.com/DenDmitriev/DominantColors";
			requirement = {
				kind = upToNextMajorVersion;
				minimumVersion = 1.2.2;
			};
		};
		50AA00132F88000200AA0013 /* XCRemoteSwiftPackageReference "SwifterSwift" */ = {
			isa = XCRemoteSwiftPackageReference;
			repositoryURL = "https://github.com/SwifterSwift/SwifterSwift.git";
			requirement = {
				kind = upToNextMajorVersion;
				minimumVersion = 8.0.0;
			};
		};
		50B209912F853CC0007EFD1B /* XCRemoteSwiftPackageReference "SPIndicator" */ = {
			isa = XCRemoteSwiftPackageReference;
			repositoryURL = "https://github.com/ivanvorobei/SPIndicator";
			requirement = {
				kind = upToNextMajorVersion;
				minimumVersion = 1.6.5;
			};
		};
		50BB00132F88000300BB0013 /* XCRemoteSwiftPackageReference "SnapKit" */ = {
			isa = XCRemoteSwiftPackageReference;
			repositoryURL = "https://github.com/SnapKit/SnapKit.git";
			requirement = {
				kind = upToNextMajorVersion;
				minimumVersion = 5.7.1;
			};
		};
		50CC00132F88000400CC0013 /* XCRemoteSwiftPackageReference "Then" */ = {
			isa = XCRemoteSwiftPackageReference;
			repositoryURL = "https://github.com/devxoul/Then.git";
			requirement = {
				kind = upToNextMajorVersion;
				minimumVersion = 3.0.0;
			};
		};
		50D000072F90000100D00007 /* XCRemoteSwiftPackageReference "ConfigurableKit" */ = {
			isa = XCRemoteSwiftPackageReference;
			repositoryURL = "https://github.com/Lakr233/ConfigurableKit";
			requirement = {
				kind = upToNextMajorVersion;
				minimumVersion = 4.2.0;
			};
		};
		50D000082F90000100D00008 /* XCRemoteSwiftPackageReference "Dog" */ = {
			isa = XCRemoteSwiftPackageReference;
			repositoryURL = "https://github.com/Lakr233/Dog";
			requirement = {
				kind = upToNextMinorVersion;
				minimumVersion = 0.1.1;
			};
		};
		50D000092F90000100D00009 /* XCRemoteSwiftPackageReference "wcdb-spm-prebuilt" */ = {
			isa = XCRemoteSwiftPackageReference;
			repositoryURL = "https://github.com/Lakr233/wcdb-spm-prebuilt";
			requirement = {
				kind = upToNextMajorVersion;
				minimumVersion = 2.1.15;
			};
		};
		50E100032FA4000100E10003 /* XCRemoteSwiftPackageReference "Digger" */ = {
			isa = XCRemoteSwiftPackageReference;
			repositoryURL = "https://github.com/Lakr233/Digger";
			requirement = {
				kind = upToNextMajorVersion;
				minimumVersion = 0.1.0;
			};
		};
		50EE00032F87000100EE0003 /* XCRemoteSwiftPackageReference "AlertController" */ = {
			isa = XCRemoteSwiftPackageReference;
			repositoryURL = "https://github.com/Lakr233/AlertController.git";
			requirement = {
				kind = upToNextMajorVersion;
				minimumVersion = 2.2.2;
			};
		};
		50F100032F91000100F10003 /* XCRemoteSwiftPackageReference "VariableBlur" */ = {
			isa = XCRemoteSwiftPackageReference;
			repositoryURL = "https://github.com/nikstar/VariableBlur";
			requirement = {
				kind = upToNextMajorVersion;
				minimumVersion = 1.3.0;
			};
		};
		50FF00032F88000100FF0003 /* XCRemoteSwiftPackageReference "Kingfisher" */ = {
			isa = XCRemoteSwiftPackageReference;
			repositoryURL = "https://github.com/onevcat/Kingfisher.git";
			requirement = {
				kind = upToNextMajorVersion;
				minimumVersion = 8.8.1;
			};
		};
		51A000032F92000100A00003 /* XCRemoteSwiftPackageReference "ListViewKit" */ = {
			isa = XCRemoteSwiftPackageReference;
			repositoryURL = "https://github.com/Lakr233/ListViewKit";
			requirement = {
				kind = upToNextMajorVersion;
				minimumVersion = 1.2.0;
			};
		};
/* End XCRemoteSwiftPackageReference section */

/* Begin XCSwiftPackageProductDependency section */
		505A0E172F8C046900FCC2A7 /* LNPopupController-Static */ = {
			isa = XCSwiftPackageProductDependency;
			productName = "LNPopupController-Static";
		};
		505A0E1B2F8C113E00FCC2A7 /* SnapKit */ = {
			isa = XCSwiftPackageProductDependency;
			package = 50BB00132F88000300BB0013 /* XCRemoteSwiftPackageReference "SnapKit" */;
			productName = SnapKit;
		};
		505A0E1D2F8C114300FCC2A7 /* Then */ = {
			isa = XCSwiftPackageProductDependency;
			package = 50CC00132F88000400CC0013 /* XCRemoteSwiftPackageReference "Then" */;
			productName = Then;
		};
		508EB6172F8802310092E89D /* LRUCache */ = {
			isa = XCSwiftPackageProductDependency;
			package = 508EB6162F8802310092E89D /* XCRemoteSwiftPackageReference "LRUCache" */;
			productName = LRUCache;
		};
		50A72F032F8566ED008A8D84 /* ColorfulX */ = {
			isa = XCSwiftPackageProductDependency;
			package = 50A72F022F8566ED008A8D84 /* XCRemoteSwiftPackageReference "ColorfulX" */;
			productName = ColorfulX;
		};
		50A72F062F8566FE008A8D84 /* DominantColors */ = {
			isa = XCSwiftPackageProductDependency;
			package = 50A72F052F8566FE008A8D84 /* XCRemoteSwiftPackageReference "DominantColors" */;
			productName = DominantColors;
		};
		50AA00022F7200000000AAAA /* SubsonicClientKit */ = {
			isa = XCSwiftPackageProductDependency;
			productName = SubsonicClientKit;
		};
		50AA00042F7200000000AAAC /* MuseAmpPlayerKit */ = {
			isa = XCSwiftPackageProductDependency;
			productName = MuseAmpPlayerKit;
		};
		50AA00122F88000200AA0012 /* SwifterSwift */ = {
			isa = XCSwiftPackageProductDependency;
			package = 50AA00132F88000200AA0013 /* XCRemoteSwiftPackageReference "SwifterSwift" */;
			productName = SwifterSwift;
		};
		50B209922F853CC0007EFD1B /* SPIndicator */ = {
			isa = XCSwiftPackageProductDependency;
			package = 50B209912F853CC0007EFD1B /* XCRemoteSwiftPackageReference "SPIndicator" */;
			productName = SPIndicator;
		};
		50BB00122F88000300BB0012 /* SnapKit */ = {
			isa = XCSwiftPackageProductDependency;
			package = 50BB00132F88000300BB0013 /* XCRemoteSwiftPackageReference "SnapKit" */;
			productName = SnapKit;
		};
		50CC00122F88000400CC0012 /* Then */ = {
			isa = XCSwiftPackageProductDependency;
			package = 50CC00132F88000400CC0013 /* XCRemoteSwiftPackageReference "Then" */;
			productName = Then;
		};
		50D000022F90000100D00002 /* ConfigurableKit */ = {
			isa = XCSwiftPackageProductDependency;
			package = 50D000072F90000100D00007 /* XCRemoteSwiftPackageReference "ConfigurableKit" */;
			productName = ConfigurableKit;
		};
		50D000042F90000100D00004 /* Dog */ = {
			isa = XCSwiftPackageProductDependency;
			package = 50D000082F90000100D00008 /* XCRemoteSwiftPackageReference "Dog" */;
			productName = Dog;
		};
		50D000062F90000100D00006 /* WCDBSwift */ = {
			isa = XCSwiftPackageProductDependency;
			package = 50D000092F90000100D00009 /* XCRemoteSwiftPackageReference "wcdb-spm-prebuilt" */;
			productName = WCDBSwift;
		};
		50E100022FA4000100E10002 /* Digger */ = {
			isa = XCSwiftPackageProductDependency;
			package = 50E100032FA4000100E10003 /* XCRemoteSwiftPackageReference "Digger" */;
			productName = Digger;
		};
		50EADB1D2F8CD93500655FBE /* SwifterSwift */ = {
			isa = XCSwiftPackageProductDependency;
			package = 50AA00132F88000200AA0013 /* XCRemoteSwiftPackageReference "SwifterSwift" */;
			productName = SwifterSwift;
		};
		50EE00022F87000100EE0002 /* AlertController */ = {
			isa = XCSwiftPackageProductDependency;
			package = 50EE00032F87000100EE0003 /* XCRemoteSwiftPackageReference "AlertController" */;
			productName = AlertController;
		};
		50F100022F91000100F10002 /* VariableBlur */ = {
			isa = XCSwiftPackageProductDependency;
			package = 50F100032F91000100F10003 /* XCRemoteSwiftPackageReference "VariableBlur" */;
			productName = VariableBlur;
		};
		50FF00022F88000100FF0002 /* Kingfisher */ = {
			isa = XCSwiftPackageProductDependency;
			package = 50FF00032F88000100FF0003 /* XCRemoteSwiftPackageReference "Kingfisher" */;
			productName = Kingfisher;
		};
		51A000022F92000100A00002 /* ListViewKit */ = {
			isa = XCSwiftPackageProductDependency;
			package = 51A000032F92000100A00003 /* XCRemoteSwiftPackageReference "ListViewKit" */;
			productName = ListViewKit;
		};
		52DB00022FA0000100DB0002 /* MuseAmpDatabaseKit */ = {
			isa = XCSwiftPackageProductDependency;
			productName = MuseAmpDatabaseKit;
		};
		53AA00022FA1000100AA0002 /* MuseAmpDatabaseKit */ = {
			isa = XCSwiftPackageProductDependency;
			productName = MuseAmpDatabaseKit;
		};
		53AA00042FA1000100AA0004 /* MuseAmpPlayerKit */ = {
			isa = XCSwiftPackageProductDependency;
			productName = MuseAmpPlayerKit;
		};
		53AA00062FA1000100AA0006 /* SubsonicClientKit */ = {
			isa = XCSwiftPackageProductDependency;
			productName = SubsonicClientKit;
		};
		53AA00082FA1000100AA0008 /* ConfigurableKit */ = {
			isa = XCSwiftPackageProductDependency;
			package = 50D000072F90000100D00007 /* XCRemoteSwiftPackageReference "ConfigurableKit" */;
			productName = ConfigurableKit;
		};
/* End XCSwiftPackageProductDependency section */
	};
	rootObject = 50ED36EE2F7126B000E2694B /* Project object */;
}
